
Microsoft Visual Studio Solution File, Format Version 12.00
# Visual Studio Version 17
VisualStudioVersion = 17.0.31903.59
MinimumVisualStudioVersion = 10.0.40219.1
Project("{2150E333-8FDC-42A3-9474-1A3956D46DE8}") = "Gateway", "Gateway", "{24F021E6-C582-43B4-8E9C-FA50BD9C1458}"
EndProject
Project("{FAE04EC0-301F-11D3-BF4B-00C04F79EFBC}") = "OnlineExamSystem.ApiGateway", "Backend\Gateway\OnlineExamSystem.ApiGateway\OnlineExamSystem.ApiGateway.csproj", "{8314B0DE-3264-488A-9C66-BF410203CC19}"
EndProject
Project("{2150E333-8FDC-42A3-9474-1A3956D46DE8}") = "Services", "Services", "{858A1CEA-9237-4B7D-8E87-F934E6494A77}"
EndProject
Project("{2150E333-8FDC-42A3-9474-1A3956D46DE8}") = "UserService", "UserService", "{44FA156B-94E8-4D12-B7F9-A6F042B6C4C2}"
EndProject
Project("{FAE04EC0-301F-11D3-BF4B-00C04F79EFBC}") = "OnlineExamSystem.User.API", "Backend\Services\UserService\OnlineExamSystem.User.API\OnlineExamSystem.User.API.csproj", "{A98F3F67-B803-43B1-91DE-8E21F3AF5968}"
EndProject
Project("{FAE04EC0-301F-11D3-BF4B-00C04F79EFBC}") = "OnlineExamSystem.User.Application", "Backend\Services\UserService\OnlineExamSystem.User.Application\OnlineExamSystem.User.Application.csproj", "{3ED8501E-039F-473E-9934-DC913B7AB15A}"
EndProject
Project("{FAE04EC0-301F-11D3-BF4B-00C04F79EFBC}") = "OnlineExamSystem.User.Domain", "Backend\Services\UserService\OnlineExamSystem.User.Domain\OnlineExamSystem.User.Domain.csproj", "{E01C65E8-0177-46AB-9DDC-0D92C30059C2}"
EndProject
Project("{FAE04EC0-301F-11D3-BF4B-00C04F79EFBC}") = "OnlineExamSystem.User.Infrastructure", "Backend\Services\UserService\OnlineExamSystem.User.Infrastructure\OnlineExamSystem.User.Infrastructure.csproj", "{8DFE20BE-C7A5-4964-A638-DFBEF3679B0F}"
EndProject
Project("{2150E333-8FDC-42A3-9474-1A3956D46DE8}") = "Shared", "Shared", "{767AF458-2655-40D3-8614-96488D7385FD}"
EndProject
Project("{FAE04EC0-301F-11D3-BF4B-00C04F79EFBC}") = "OnlineExamSystem.Shared.Contracts", "Backend\Shared\OnlineExamSystem.Shared.Contracts\OnlineExamSystem.Shared.Contracts.csproj", "{472F5C3B-BD8B-4A74-8F3E-4FAF2419F1C8}"
EndProject
Project("{FAE04EC0-301F-11D3-BF4B-00C04F79EFBC}") = "OnlineExamSystem.Shared.Events", "Backend\Shared\OnlineExamSystem.Shared.Events\OnlineExamSystem.Shared.Events.csproj", "{46A3CDAB-538A-4043-97D7-9553596D65E7}"
EndProject
Project("{FAE04EC0-301F-11D3-BF4B-00C04F79EFBC}") = "OnlineExamSystem.Shared.Common", "Backend\Shared\OnlineExamSystem.Shared.Common\OnlineExamSystem.Shared.Common.csproj", "{D4EDB18F-A519-43AF-B3D6-E2D70121A156}"
EndProject
Project("{2150E333-8FDC-42A3-9474-1A3956D46DE8}") = "Tests", "Tests", "{BC8DDF52-C8CC-41B3-B07A-3E9D6B602975}"
EndProject
Project("{2150E333-8FDC-42A3-9474-1A3956D46DE8}") = "UserService", "UserService", "{833C3488-4EB3-4AC5-83C1-D8AF58D57618}"
EndProject
Project("{FAE04EC0-301F-11D3-BF4B-00C04F79EFBC}") = "OnlineExamSystem.User.Application.Tests", "Tests\UserService\OnlineExamSystem.User.Application.Tests\OnlineExamSystem.User.Application.Tests.csproj", "{F6FA18D0-D138-474A-A98F-558254F6E034}"
EndProject
Project("{2150E333-8FDC-42A3-9474-1A3956D46DE8}") = "Backend", "Backend", "{CE2BA043-2700-4AF8-B7FE-F212BB71B961}"
EndProject
Project("{2150E333-8FDC-42A3-9474-1A3956D46DE8}") = "Services", "Services", "{15602C65-C8E6-4555-B25F-9E1B60B58078}"
EndProject
Project("{2150E333-8FDC-42A3-9474-1A3956D46DE8}") = "NotificationService", "NotificationService", "{0D688ED2-200F-4388-9FAA-BF16136BEDCC}"
EndProject
Project("{FAE04EC0-301F-11D3-BF4B-00C04F79EFBC}") = "OnlineExamSystem.NotificationService.Worker", "Backend\Services\NotificationService\OnlineExamSystem.NotificationService.Worker\OnlineExamSystem.NotificationService.Worker.csproj", "{94B30349-1C51-41E9-B502-85460233D817}"
EndProject
Project("{2150E333-8FDC-42A3-9474-1A3956D46DE8}") = "ExamService", "ExamService", "{4BD777B9-EE1A-4AD4-8223-886A7702C9BF}"
EndProject
Project("{FAE04EC0-301F-11D3-BF4B-00C04F79EFBC}") = "OnlineExamSystem.Exam.API", "Backend\Services\ExamService\OnlineExamSystem.Exam.API\OnlineExamSystem.Exam.API.csproj", "{32826466-503C-4964-94C0-ECAD6186B75A}"
EndProject
Project("{FAE04EC0-301F-11D3-BF4B-00C04F79EFBC}") = "OnlineExamSystem.Exam.Application", "Backend\Services\ExamService\OnlineExamSystem.Exam.Application\OnlineExamSystem.Exam.Application.csproj", "{76047390-BFE9-4243-9FF2-30205D8D323E}"
EndProject
Project("{FAE04EC0-301F-11D3-BF4B-00C04F79EFBC}") = "OnlineExamSystem.Exam.Domain", "Backend\Services\ExamService\OnlineExamSystem.Exam.Domain\OnlineExamSystem.Exam.Domain.csproj", "{D2302250-D8E6-41B2-B34D-2F42690A6CEB}"
EndProject
Project("{FAE04EC0-301F-11D3-BF4B-00C04F79EFBC}") = "OnlineExamSystem.Exam.Infrastructure", "Backend\Services\ExamService\OnlineExamSystem.Exam.Infrastructure\OnlineExamSystem.Exam.Infrastructure.csproj", "{8DC4A40F-DF7A-48B3-AA2A-7894043E8D52}"
EndProject
Project("{2150E333-8FDC-42A3-9474-1A3956D46DE8}") = "ExamService", "ExamService", "{30F49C00-F42F-47DE-BCEA-C0886C25FCC1}"
EndProject
Project("{FAE04EC0-301F-11D3-BF4B-00C04F79EFBC}") = "OnlineExamSystem.Exam.Application.Tests", "Tests\ExamService\OnlineExamSystem.Exam.Application.Tests\OnlineExamSystem.Exam.Application.Tests.csproj", "{9AEF9E92-B06B-451F-A51B-2C9576C901F9}"
EndProject
Project("{2150E333-8FDC-42A3-9474-1A3956D46DE8}") = "QuestionService", "QuestionService", "{4897C443-C043-4458-AF9B-90E7662F3316}"
EndProject
Project("{FAE04EC0-301F-11D3-BF4B-00C04F79EFBC}") = "OnlineExamSystem.Question.API", "Backend\Services\QuestionService\OnlineExamSystem.Question.API\OnlineExamSystem.Question.API.csproj", "{3015D45A-9776-4092-8680-2A7B273993CF}"
EndProject
Project("{FAE04EC0-301F-11D3-BF4B-00C04F79EFBC}") = "OnlineExamSystem.Question.Application", "Backend\Services\QuestionService\OnlineExamSystem.Question.Application\OnlineExamSystem.Question.Application.csproj", "{D2C5AEA7-CA8A-4B38-86B7-46823134D19E}"
EndProject
Project("{FAE04EC0-301F-11D3-BF4B-00C04F79EFBC}") = "OnlineExamSystem.Question.Domain", "Backend\Services\QuestionService\OnlineExamSystem.Question.Domain\OnlineExamSystem.Question.Domain.csproj", "{50DB9813-7BDF-46C2-852F-74993804814D}"
EndProject
Project("{FAE04EC0-301F-11D3-BF4B-00C04F79EFBC}") = "OnlineExamSystem.Question.Infrastructure", "Backend\Services\QuestionService\OnlineExamSystem.Question.Infrastructure\OnlineExamSystem.Question.Infrastructure.csproj", "{B81620B4-55E2-420D-AB30-C09BB3725AD2}"
EndProject
Project("{2150E333-8FDC-42A3-9474-1A3956D46DE8}") = "QuestionService", "QuestionService", "{7C1A9846-7AF6-478A-B8EA-1C1A9E028FDE}"
EndProject
Project("{FAE04EC0-301F-11D3-BF4B-00C04F79EFBC}") = "OnlineExamSystem.Question.Application.Tests", "Tests\QuestionService\OnlineExamSystem.Question.Application.Tests\OnlineExamSystem.Question.Application.Tests.csproj", "{A370116D-2EF1-4630-8FB0-E5C7CC399237}"
EndProject
Project("{2150E333-8FDC-42A3-9474-1A3956D46DE8}") = "AiService", "AiService", "{811024B0-9D9F-48EC-8714-627898EAFCCF}"
EndProject
Project("{FAE04EC0-301F-11D3-BF4B-00C04F79EFBC}") = "OnlineExamSystem.Ai.API", "Backend\Services\AiService\OnlineExamSystem.Ai.API\OnlineExamSystem.Ai.API.csproj", "{49C44A7E-391A-40C2-AFC2-8F39A16990BF}"
EndProject
Project("{FAE04EC0-301F-11D3-BF4B-00C04F79EFBC}") = "OnlineExamSystem.Ai.Application", "Backend\Services\AiService\OnlineExamSystem.Ai.Application\OnlineExamSystem.Ai.Application.csproj", "{397FF081-A2CA-4078-AF7D-47EAF9F4135C}"
EndProject
Project("{FAE04EC0-301F-11D3-BF4B-00C04F79EFBC}") = "OnlineExamSystem.Ai.Domain", "Backend\Services\AiService\OnlineExamSystem.Ai.Domain\OnlineExamSystem.Ai.Domain.csproj", "{DFB822C7-BE73-4190-A788-D075023C1000}"
EndProject
Project("{FAE04EC0-301F-11D3-BF4B-00C04F79EFBC}") = "OnlineExamSystem.Ai.Infrastructure", "Backend\Services\AiService\OnlineExamSystem.Ai.Infrastructure\OnlineExamSystem.Ai.Infrastructure.csproj", "{D764F47A-1442-4FFF-B352-A1D8F50BCCF1}"
EndProject
Project("{2150E333-8FDC-42A3-9474-1A3956D46DE8}") = "AiService", "AiService", "{DF0B7C2B-3B25-49CA-8295-02F5C450B14D}"
EndProject
Project("{FAE04EC0-301F-11D3-BF4B-00C04F79EFBC}") = "OnlineExamSystem.Ai.Application.Tests", "Tests\AiService\OnlineExamSystem.Ai.Application.Tests\OnlineExamSystem.Ai.Application.Tests.csproj", "{74A674B9-CB46-470B-96BC-24B7D2839C00}"
EndProject
Project("{2150E333-8FDC-42A3-9474-1A3956D46DE8}") = "SubmissionService", "SubmissionService", "{ACE0E6BE-73A1-4B96-BCDF-DEE7B488BD0C}"
EndProject
Project("{FAE04EC0-301F-11D3-BF4B-00C04F79EFBC}") = "OnlineExamSystem.Submission.API", "Backend\Services\SubmissionService\OnlineExamSystem.Submission.API\OnlineExamSystem.Submission.API.csproj", "{C1FA8532-143E-4834-86F7-4113732EF5F8}"
EndProject
Project("{FAE04EC0-301F-11D3-BF4B-00C04F79EFBC}") = "OnlineExamSystem.Submission.Application", "Backend\Services\SubmissionService\OnlineExamSystem.Submission.Application\OnlineExamSystem.Submission.Application.csproj", "{40DF5595-0522-4EF2-8ABF-F6B32E64C239}"
EndProject
Project("{FAE04EC0-301F-11D3-BF4B-00C04F79EFBC}") = "OnlineExamSystem.Submission.Domain", "Backend\Services\SubmissionService\OnlineExamSystem.Submission.Domain\OnlineExamSystem.Submission.Domain.csproj", "{E99B39F5-4582-4868-9F54-768D8565BCE5}"
EndProject
Project("{FAE04EC0-301F-11D3-BF4B-00C04F79EFBC}") = "OnlineExamSystem.Submission.Infrastructure", "Backend\Services\SubmissionService\OnlineExamSystem.Submission.Infrastructure\OnlineExamSystem.Submission.Infrastructure.csproj", "{3AC4A3B8-F7F5-40B5-8E3B-2BF903D01386}"
EndProject
Project("{2150E333-8FDC-42A3-9474-1A3956D46DE8}") = "SubmissionService", "SubmissionService", "{DDBD4213-066E-4DA7-8C2D-43AFA067B80F}"
EndProject
Project("{FAE04EC0-301F-11D3-BF4B-00C04F79EFBC}") = "OnlineExamSystem.Submission.Application.Tests", "Tests\SubmissionService\OnlineExamSystem.Submission.Application.Tests\OnlineExamSystem.Submission.Application.Tests.csproj", "{B491374E-EE22-44C7-B928-8111B6330FDE}"
EndProject
Project("{2150E333-8FDC-42A3-9474-1A3956D46DE8}") = "ResultService", "ResultService", "{FFF7CF0D-F863-446A-A041-9BE19D5C80AF}"
EndProject
Project("{FAE04EC0-301F-11D3-BF4B-00C04F79EFBC}") = "OnlineExamSystem.Result.Domain", "Backend\Services\ResultService\OnlineExamSystem.Result.Domain\OnlineExamSystem.Result.Domain.csproj", "{43870A3E-249A-47D8-B14B-FFDAB22A124D}"
EndProject
Project("{FAE04EC0-301F-11D3-BF4B-00C04F79EFBC}") = "OnlineExamSystem.Result.Application", "Backend\Services\ResultService\OnlineExamSystem.Result.Application\OnlineExamSystem.Result.Application.csproj", "{A6B8712A-D896-439B-B67E-33EEA5CAD797}"
EndProject
Project("{FAE04EC0-301F-11D3-BF4B-00C04F79EFBC}") = "OnlineExamSystem.Result.Infrastructure", "Backend\Services\ResultService\OnlineExamSystem.Result.Infrastructure\OnlineExamSystem.Result.Infrastructure.csproj", "{6DD8FBB6-80FD-4468-A2CA-5DC5BC28C18E}"
EndProject
Project("{FAE04EC0-301F-11D3-BF4B-00C04F79EFBC}") = "OnlineExamSystem.Result.API", "Backend\Services\ResultService\OnlineExamSystem.Result.API\OnlineExamSystem.Result.API.csproj", "{F7E63D96-6CBF-499E-B81C-98F7F9D7DB37}"
EndProject
Project("{2150E333-8FDC-42A3-9474-1A3956D46DE8}") = "ResultService", "ResultService", "{41B73F65-F43A-4010-A397-38B228526D7E}"
EndProject
Project("{FAE04EC0-301F-11D3-BF4B-00C04F79EFBC}") = "OnlineExamSystem.Result.Application.Tests", "Tests\ResultService\OnlineExamSystem.Result.Application.Tests\OnlineExamSystem.Result.Application.Tests.csproj", "{91D96E06-ED78-4A14-88D8-B635E38E590F}"
EndProject
Project("{FAE04EC0-301F-11D3-BF4B-00C04F79EFBC}") = "OnlineExamSystem.Notification.Domain", "Backend\Services\NotificationService\OnlineExamSystem.Notification.Domain\OnlineExamSystem.Notification.Domain.csproj", "{EA94BD2C-1BF8-4F4E-B5A2-F52671C58F91}"
EndProject
Project("{FAE04EC0-301F-11D3-BF4B-00C04F79EFBC}") = "OnlineExamSystem.Notification.Infrastructure", "Backend\Services\NotificationService\OnlineExamSystem.Notification.Infrastructure\OnlineExamSystem.Notification.Infrastructure.csproj", "{FAAFEF2E-0072-4FD2-B8BB-8AE1A6452492}"
EndProject
Global
	GlobalSection(SolutionConfigurationPlatforms) = preSolution
		Debug|Any CPU = Debug|Any CPU
		Release|Any CPU = Release|Any CPU
	EndGlobalSection
	GlobalSection(SolutionProperties) = preSolution
		HideSolutionNode = FALSE
	EndGlobalSection
	GlobalSection(ProjectConfigurationPlatforms) = postSolution
		{8314B0DE-3264-488A-9C66-BF410203CC19}.Debug|Any CPU.ActiveCfg = Debug|Any CPU
		{8314B0DE-3264-488A-9C66-BF410203CC19}.Debug|Any CPU.Build.0 = Debug|Any CPU
		{8314B0DE-3264-488A-9C66-BF410203CC19}.Release|Any CPU.ActiveCfg = Release|Any CPU
		{8314B0DE-3264-488A-9C66-BF410203CC19}.Release|Any CPU.Build.0 = Release|Any CPU
		{A98F3F67-B803-43B1-91DE-8E21F3AF5968}.Debug|Any CPU.ActiveCfg = Debug|Any CPU
		{A98F3F67-B803-43B1-91DE-8E21F3AF5968}.Debug|Any CPU.Build.0 = Debug|Any CPU
		{A98F3F67-B803-43B1-91DE-8E21F3AF5968}.Release|Any CPU.ActiveCfg = Release|Any CPU
		{A98F3F67-B803-43B1-91DE-8E21F3AF5968}.Release|Any CPU.Build.0 = Release|Any CPU
		{3ED8501E-039F-473E-9934-DC913B7AB15A}.Debug|Any CPU.ActiveCfg = Debug|Any CPU
		{3ED8501E-039F-473E-9934-DC913B7AB15A}.Debug|Any CPU.Build.0 = Debug|Any CPU
		{3ED8501E-039F-473E-9934-DC913B7AB15A}.Release|Any CPU.ActiveCfg = Release|Any CPU
		{3ED8501E-039F-473E-9934-DC913B7AB15A}.Release|Any CPU.Build.0 = Release|Any CPU
		{E01C65E8-0177-46AB-9DDC-0D92C30059C2}.Debug|Any CPU.ActiveCfg = Debug|Any CPU
		{E01C65E8-0177-46AB-9DDC-0D92C30059C2}.Debug|Any CPU.Build.0 = Debug|Any CPU
		{E01C65E8-0177-46AB-9DDC-0D92C30059C2}.Release|Any CPU.ActiveCfg = Release|Any CPU
		{E01C65E8-0177-46AB-9DDC-0D92C30059C2}.Release|Any CPU.Build.0 = Release|Any CPU
		{8DFE20BE-C7A5-4964-A638-DFBEF3679B0F}.Debug|Any CPU.ActiveCfg = Debug|Any CPU
		{8DFE20BE-C7A5-4964-A638-DFBEF3679B0F}.Debug|Any CPU.Build.0 = Debug|Any CPU
		{8DFE20BE-C7A5-4964-A638-DFBEF3679B0F}.Release|Any CPU.ActiveCfg = Release|Any CPU
		{8DFE20BE-C7A5-4964-A638-DFBEF3679B0F}.Release|Any CPU.Build.0 = Release|Any CPU
		{472F5C3B-BD8B-4A74-8F3E-4FAF2419F1C8}.Debug|Any CPU.ActiveCfg = Debug|Any CPU
		{472F5C3B-BD8B-4A74-8F3E-4FAF2419F1C8}.Debug|Any CPU.Build.0 = Debug|Any CPU
		{472F5C3B-BD8B-4A74-8F3E-4FAF2419F1C8}.Release|Any CPU.ActiveCfg = Release|Any CPU
		{472F5C3B-BD8B-4A74-8F3E-4FAF2419F1C8}.Release|Any CPU.Build.0 = Release|Any CPU
		{46A3CDAB-538A-4043-97D7-9553596D65E7}.Debug|Any CPU.ActiveCfg = Debug|Any CPU
		{46A3CDAB-538A-4043-97D7-9553596D65E7}.Debug|Any CPU.Build.0 = Debug|Any CPU
		{46A3CDAB-538A-4043-97D7-9553596D65E7}.Release|Any CPU.ActiveCfg = Release|Any CPU
		{46A3CDAB-538A-4043-97D7-9553596D65E7}.Release|Any CPU.Build.0 = Release|Any CPU
		{D4EDB18F-A519-43AF-B3D6-E2D70121A156}.Debug|Any CPU.ActiveCfg = Debug|Any CPU
		{D4EDB18F-A519-43AF-B3D6-E2D70121A156}.Debug|Any CPU.Build.0 = Debug|Any CPU
		{D4EDB18F-A519-43AF-B3D6-E2D70121A156}.Release|Any CPU.ActiveCfg = Release|Any CPU
		{D4EDB18F-A519-43AF-B3D6-E2D70121A156}.Release|Any CPU.Build.0 = Release|Any CPU
		{F6FA18D0-D138-474A-A98F-558254F6E034}.Debug|Any CPU.ActiveCfg = Debug|Any CPU
		{F6FA18D0-D138-474A-A98F-558254F6E034}.Debug|Any CPU.Build.0 = Debug|Any CPU
		{F6FA18D0-D138-474A-A98F-558254F6E034}.Release|Any CPU.ActiveCfg = Release|Any CPU
		{F6FA18D0-D138-474A-A98F-558254F6E034}.Release|Any CPU.Build.0 = Release|Any CPU
		{94B30349-1C51-41E9-B502-85460233D817}.Debug|Any CPU.ActiveCfg = Debug|Any CPU
		{94B30349-1C51-41E9-B502-85460233D817}.Debug|Any CPU.Build.0 = Debug|Any CPU
		{94B30349-1C51-41E9-B502-85460233D817}.Release|Any CPU.ActiveCfg = Release|Any CPU
		{94B30349-1C51-41E9-B502-85460233D817}.Release|Any CPU.Build.0 = Release|Any CPU
		{32826466-503C-4964-94C0-ECAD6186B75A}.Debug|Any CPU.ActiveCfg = Debug|Any CPU
		{32826466-503C-4964-94C0-ECAD6186B75A}.Debug|Any CPU.Build.0 = Debug|Any CPU
		{32826466-503C-4964-94C0-ECAD6186B75A}.Release|Any CPU.ActiveCfg = Release|Any CPU
		{32826466-503C-4964-94C0-ECAD6186B75A}.Release|Any CPU.Build.0 = Release|Any CPU
		{76047390-BFE9-4243-9FF2-30205D8D323E}.Debug|Any CPU.ActiveCfg = Debug|Any CPU
		{76047390-BFE9-4243-9FF2-30205D8D323E}.Debug|Any CPU.Build.0 = Debug|Any CPU
		{76047390-BFE9-4243-9FF2-30205D8D323E}.Release|Any CPU.ActiveCfg = Release|Any CPU
		{76047390-BFE9-4243-9FF2-30205D8D323E}.Release|Any CPU.Build.0 = Release|Any CPU
		{D2302250-D8E6-41B2-B34D-2F42690A6CEB}.Debug|Any CPU.ActiveCfg = Debug|Any CPU
		{D2302250-D8E6-41B2-B34D-2F42690A6CEB}.Debug|Any CPU.Build.0 = Debug|Any CPU
		{D2302250-D8E6-41B2-B34D-2F42690A6CEB}.Release|Any CPU.ActiveCfg = Release|Any CPU
		{D2302250-D8E6-41B2-B34D-2F42690A6CEB}.Release|Any CPU.Build.0 = Release|Any CPU
		{8DC4A40F-DF7A-48B3-AA2A-7894043E8D52}.Debug|Any CPU.ActiveCfg = Debug|Any CPU
		{8DC4A40F-DF7A-48B3-AA2A-7894043E8D52}.Debug|Any CPU.Build.0 = Debug|Any CPU
		{8DC4A40F-DF7A-48B3-AA2A-7894043E8D52}.Release|Any CPU.ActiveCfg = Release|Any CPU
		{8DC4A40F-DF7A-48B3-AA2A-7894043E8D52}.Release|Any CPU.Build.0 = Release|Any CPU
		{9AEF9E92-B06B-451F-A51B-2C9576C901F9}.Debug|Any CPU.ActiveCfg = Debug|Any CPU
		{9AEF9E92-B06B-451F-A51B-2C9576C901F9}.Debug|Any CPU.Build.0 = Debug|Any CPU
		{9AEF9E92-B06B-451F-A51B-2C9576C901F9}.Release|Any CPU.ActiveCfg = Release|Any CPU
		{9AEF9E92-B06B-451F-A51B-2C9576C901F9}.Release|Any CPU.Build.0 = Release|Any CPU
		{3015D45A-9776-4092-8680-2A7B273993CF}.Debug|Any CPU.ActiveCfg = Debug|Any CPU
		{3015D45A-9776-4092-8680-2A7B273993CF}.Debug|Any CPU.Build.0 = Debug|Any CPU
		{3015D45A-9776-4092-8680-2A7B273993CF}.Release|Any CPU.ActiveCfg = Release|Any CPU
		{3015D45A-9776-4092-8680-2A7B273993CF}.Release|Any CPU.Build.0 = Release|Any CPU
		{D2C5AEA7-CA8A-4B38-86B7-46823134D19E}.Debug|Any CPU.ActiveCfg = Debug|Any CPU
		{D2C5AEA7-CA8A-4B38-86B7-46823134D19E}.Debug|Any CPU.Build.0 = Debug|Any CPU
		{D2C5AEA7-CA8A-4B38-86B7-46823134D19E}.Release|Any CPU.ActiveCfg = Release|Any CPU
		{D2C5AEA7-CA8A-4B38-86B7-46823134D19E}.Release|Any CPU.Build.0 = Release|Any CPU
		{50DB9813-7BDF-46C2-852F-74993804814D}.Debug|Any CPU.ActiveCfg = Debug|Any CPU
		{50DB9813-7BDF-46C2-852F-74993804814D}.Debug|Any CPU.Build.0 = Debug|Any CPU
		{50DB9813-7BDF-46C2-852F-74993804814D}.Release|Any CPU.ActiveCfg = Release|Any CPU
		{50DB9813-7BDF-46C2-852F-74993804814D}.Release|Any CPU.Build.0 = Release|Any CPU
		{B81620B4-55E2-420D-AB30-C09BB3725AD2}.Debug|Any CPU.ActiveCfg = Debug|Any CPU
		{B81620B4-55E2-420D-AB30-C09BB3725AD2}.Debug|Any CPU.Build.0 = Debug|Any CPU
		{B81620B4-55E2-420D-AB30-C09BB3725AD2}.Release|Any CPU.ActiveCfg = Release|Any CPU
		{B81620B4-55E2-420D-AB30-C09BB3725AD2}.Release|Any CPU.Build.0 = Release|Any CPU
		{A370116D-2EF1-4630-8FB0-E5C7CC399237}.Debug|Any CPU.ActiveCfg = Debug|Any CPU
		{A370116D-2EF1-4630-8FB0-E5C7CC399237}.Debug|Any CPU.Build.0 = Debug|Any CPU
		{A370116D-2EF1-4630-8FB0-E5C7CC399237}.Release|Any CPU.ActiveCfg = Release|Any CPU
		{A370116D-2EF1-4630-8FB0-E5C7CC399237}.Release|Any CPU.Build.0 = Release|Any CPU
		{49C44A7E-391A-40C2-AFC2-8F39A16990BF}.Debug|Any CPU.ActiveCfg = Debug|Any CPU
		{49C44A7E-391A-40C2-AFC2-8F39A16990BF}.Debug|Any CPU.Build.0 = Debug|Any CPU
		{49C44A7E-391A-40C2-AFC2-8F39A16990BF}.Release|Any CPU.ActiveCfg = Release|Any CPU
		{49C44A7E-391A-40C2-AFC2-8F39A16990BF}.Release|Any CPU.Build.0 = Release|Any CPU
		{397FF081-A2CA-4078-AF7D-47EAF9F4135C}.Debug|Any CPU.ActiveCfg = Debug|Any CPU
		{397FF081-A2CA-4078-AF7D-47EAF9F4135C}.Debug|Any CPU.Build.0 = Debug|Any CPU
		{397FF081-A2CA-4078-AF7D-47EAF9F4135C}.Release|Any CPU.ActiveCfg = Release|Any CPU
		{397FF081-A2CA-4078-AF7D-47EAF9F4135C}.Release|Any CPU.Build.0 = Release|Any CPU
		{DFB822C7-BE73-4190-A788-D075023C1000}.Debug|Any CPU.ActiveCfg = Debug|Any CPU
		{DFB822C7-BE73-4190-A788-D075023C1000}.Debug|Any CPU.Build.0 = Debug|Any CPU
		{DFB822C7-BE73-4190-A788-D075023C1000}.Release|Any CPU.ActiveCfg = Release|Any CPU
		{DFB822C7-BE73-4190-A788-D075023C1000}.Release|Any CPU.Build.0 = Release|Any CPU
		{D764F47A-1442-4FFF-B352-A1D8F50BCCF1}.Debug|Any CPU.ActiveCfg = Debug|Any CPU
		{D764F47A-1442-4FFF-B352-A1D8F50BCCF1}.Debug|Any CPU.Build.0 = Debug|Any CPU
		{D764F47A-1442-4FFF-B352-A1D8F50BCCF1}.Release|Any CPU.ActiveCfg = Release|Any CPU
		{D764F47A-1442-4FFF-B352-A1D8F50BCCF1}.Release|Any CPU.Build.0 = Release|Any CPU
		{74A674B9-CB46-470B-96BC-24B7D2839C00}.Debug|Any CPU.ActiveCfg = Debug|Any CPU
		{74A674B9-CB46-470B-96BC-24B7D2839C00}.Debug|Any CPU.Build.0 = Debug|Any CPU
		{74A674B9-CB46-470B-96BC-24B7D2839C00}.Release|Any CPU.ActiveCfg = Release|Any CPU
		{74A674B9-CB46-470B-96BC-24B7D2839C00}.Release|Any CPU.Build.0 = Release|Any CPU
		{C1FA8532-143E-4834-86F7-4113732EF5F8}.Debug|Any CPU.ActiveCfg = Debug|Any CPU
		{C1FA8532-143E-4834-86F7-4113732EF5F8}.Debug|Any CPU.Build.0 = Debug|Any CPU
		{C1FA8532-143E-4834-86F7-4113732EF5F8}.Release|Any CPU.ActiveCfg = Release|Any CPU
		{C1FA8532-143E-4834-86F7-4113732EF5F8}.Release|Any CPU.Build.0 = Release|Any CPU
		{40DF5595-0522-4EF2-8ABF-F6B32E64C239}.Debug|Any CPU.ActiveCfg = Debug|Any CPU
		{40DF5595-0522-4EF2-8ABF-F6B32E64C239}.Debug|Any CPU.Build.0 = Debug|Any CPU
		{40DF5595-0522-4EF2-8ABF-F6B32E64C239}.Release|Any CPU.ActiveCfg = Release|Any CPU
		{40DF5595-0522-4EF2-8ABF-F6B32E64C239}.Release|Any CPU.Build.0 = Release|Any CPU
		{E99B39F5-4582-4868-9F54-768D8565BCE5}.Debug|Any CPU.ActiveCfg = Debug|Any CPU
		{E99B39F5-4582-4868-9F54-768D8565BCE5}.Debug|Any CPU.Build.0 = Debug|Any CPU
		{E99B39F5-4582-4868-9F54-768D8565BCE5}.Release|Any CPU.ActiveCfg = Release|Any CPU
		{E99B39F5-4582-4868-9F54-768D8565BCE5}.Release|Any CPU.Build.0 = Release|Any CPU
		{3AC4A3B8-F7F5-40B5-8E3B-2BF903D01386}.Debug|Any CPU.ActiveCfg = Debug|Any CPU
		{3AC4A3B8-F7F5-40B5-8E3B-2BF903D01386}.Debug|Any CPU.Build.0 = Debug|Any CPU
		{3AC4A3B8-F7F5-40B5-8E3B-2BF903D01386}.Release|Any CPU.ActiveCfg = Release|Any CPU
		{3AC4A3B8-F7F5-40B5-8E3B-2BF903D01386}.Release|Any CPU.Build.0 = Release|Any CPU
		{B491374E-EE22-44C7-B928-8111B6330FDE}.Debug|Any CPU.ActiveCfg = Debug|Any CPU
		{B491374E-EE22-44C7-B928-8111B6330FDE}.Debug|Any CPU.Build.0 = Debug|Any CPU
		{B491374E-EE22-44C7-B928-8111B6330FDE}.Release|Any CPU.ActiveCfg = Release|Any CPU
		{B491374E-EE22-44C7-B928-8111B6330FDE}.Release|Any CPU.Build.0 = Release|Any CPU
		{43870A3E-249A-47D8-B14B-FFDAB22A124D}.Debug|Any CPU.ActiveCfg = Debug|Any CPU
		{43870A3E-249A-47D8-B14B-FFDAB22A124D}.Debug|Any CPU.Build.0 = Debug|Any CPU
		{43870A3E-249A-47D8-B14B-FFDAB22A124D}.Release|Any CPU.ActiveCfg = Release|Any CPU
		{43870A3E-249A-47D8-B14B-FFDAB22A124D}.Release|Any CPU.Build.0 = Release|Any CPU
		{A6B8712A-D896-439B-B67E-33EEA5CAD797}.Debug|Any CPU.ActiveCfg = Debug|Any CPU
		{A6B8712A-D896-439B-B67E-33EEA5CAD797}.Debug|Any CPU.Build.0 = Debug|Any CPU
		{A6B8712A-D896-439B-B67E-33EEA5CAD797}.Release|Any CPU.ActiveCfg = Release|Any CPU
		{A6B8712A-D896-439B-B67E-33EEA5CAD797}.Release|Any CPU.Build.0 = Release|Any CPU
		{6DD8FBB6-80FD-4468-A2CA-5DC5BC28C18E}.Debug|Any CPU.ActiveCfg = Debug|Any CPU
		{6DD8FBB6-80FD-4468-A2CA-5DC5BC28C18E}.Debug|Any CPU.Build.0 = Debug|Any CPU
		{6DD8FBB6-80FD-4468-A2CA-5DC5BC28C18E}.Release|Any CPU.ActiveCfg = Release|Any CPU
		{6DD8FBB6-80FD-4468-A2CA-5DC5BC28C18E}.Release|Any CPU.Build.0 = Release|Any CPU
		{F7E63D96-6CBF-499E-B81C-98F7F9D7DB37}.Debug|Any CPU.ActiveCfg = Debug|Any CPU
		{F7E63D96-6CBF-499E-B81C-98F7F9D7DB37}.Debug|Any CPU.Build.0 = Debug|Any CPU
		{F7E63D96-6CBF-499E-B81C-98F7F9D7DB37}.Release|Any CPU.ActiveCfg = Release|Any CPU
		{F7E63D96-6CBF-499E-B81C-98F7F9D7DB37}.Release|Any CPU.Build.0 = Release|Any CPU
		{91D96E06-ED78-4A14-88D8-B635E38E590F}.Debug|Any CPU.ActiveCfg = Debug|Any CPU
		{91D96E06-ED78-4A14-88D8-B635E38E590F}.Debug|Any CPU.Build.0 = Debug|Any CPU
		{91D96E06-ED78-4A14-88D8-B635E38E590F}.Release|Any CPU.ActiveCfg = Release|Any CPU
		{91D96E06-ED78-4A14-88D8-B635E38E590F}.Release|Any CPU.Build.0 = Release|Any CPU
		{EA94BD2C-1BF8-4F4E-B5A2-F52671C58F91}.Debug|Any CPU.ActiveCfg = Debug|Any CPU
		{EA94BD2C-1BF8-4F4E-B5A2-F52671C58F91}.Debug|Any CPU.Build.0 = Debug|Any CPU
		{EA94BD2C-1BF8-4F4E-B5A2-F52671C58F91}.Release|Any CPU.ActiveCfg = Release|Any CPU
		{EA94BD2C-1BF8-4F4E-B5A2-F52671C58F91}.Release|Any CPU.Build.0 = Release|Any CPU
		{FAAFEF2E-0072-4FD2-B8BB-8AE1A6452492}.Debug|Any CPU.ActiveCfg = Debug|Any CPU
		{FAAFEF2E-0072-4FD2-B8BB-8AE1A6452492}.Debug|Any CPU.Build.0 = Debug|Any CPU
		{FAAFEF2E-0072-4FD2-B8BB-8AE1A6452492}.Release|Any CPU.ActiveCfg = Release|Any CPU
		{FAAFEF2E-0072-4FD2-B8BB-8AE1A6452492}.Release|Any CPU.Build.0 = Release|Any CPU
	EndGlobalSection
	GlobalSection(NestedProjects) = preSolution
		{EA94BD2C-1BF8-4F4E-B5A2-F52671C58F91} = {0D688ED2-200F-4388-9FAA-BF16136BEDCC}
		{FAAFEF2E-0072-4FD2-B8BB-8AE1A6452492} = {0D688ED2-200F-4388-9FAA-BF16136BEDCC}
		{8314B0DE-3264-488A-9C66-BF410203CC19} = {24F021E6-C582-43B4-8E9C-FA50BD9C1458}
		{44FA156B-94E8-4D12-B7F9-A6F042B6C4C2} = {858A1CEA-9237-4B7D-8E87-F934E6494A77}
		{A98F3F67-B803-43B1-91DE-8E21F3AF5968} = {44FA156B-94E8-4D12-B7F9-A6F042B6C4C2}
		{3ED8501E-039F-473E-9934-DC913B7AB15A} = {44FA156B-94E8-4D12-B7F9-A6F042B6C4C2}
		{E01C65E8-0177-46AB-9DDC-0D92C30059C2} = {44FA156B-94E8-4D12-B7F9-A6F042B6C4C2}
		{8DFE20BE-C7A5-4964-A638-DFBEF3679B0F} = {44FA156B-94E8-4D12-B7F9-A6F042B6C4C2}
		{472F5C3B-BD8B-4A74-8F3E-4FAF2419F1C8} = {767AF458-2655-40D3-8614-96488D7385FD}
		{46A3CDAB-538A-4043-97D7-9553596D65E7} = {767AF458-2655-40D3-8614-96488D7385FD}
		{D4EDB18F-A519-43AF-B3D6-E2D70121A156} = {767AF458-2655-40D3-8614-96488D7385FD}
		{833C3488-4EB3-4AC5-83C1-D8AF58D57618} = {BC8DDF52-C8CC-41B3-B07A-3E9D6B602975}
		{F6FA18D0-D138-474A-A98F-558254F6E034} = {833C3488-4EB3-4AC5-83C1-D8AF58D57618}
		{15602C65-C8E6-4555-B25F-9E1B60B58078} = {CE2BA043-2700-4AF8-B7FE-F212BB71B961}
		{0D688ED2-200F-4388-9FAA-BF16136BEDCC} = {15602C65-C8E6-4555-B25F-9E1B60B58078}
		{94B30349-1C51-41E9-B502-85460233D817} = {0D688ED2-200F-4388-9FAA-BF16136BEDCC}
		{4BD777B9-EE1A-4AD4-8223-886A7702C9BF} = {858A1CEA-9237-4B7D-8E87-F934E6494A77}
		{32826466-503C-4964-94C0-ECAD6186B75A} = {4BD777B9-EE1A-4AD4-8223-886A7702C9BF}
		{76047390-BFE9-4243-9FF2-30205D8D323E} = {4BD777B9-EE1A-4AD4-8223-886A7702C9BF}
		{D2302250-D8E6-41B2-B34D-2F42690A6CEB} = {4BD777B9-EE1A-4AD4-8223-886A7702C9BF}
		{8DC4A40F-DF7A-48B3-AA2A-7894043E8D52} = {4BD777B9-EE1A-4AD4-8223-886A7702C9BF}
		{30F49C00-F42F-47DE-BCEA-C0886C25FCC1} = {BC8DDF52-C8CC-41B3-B07A-3E9D6B602975}
		{9AEF9E92-B06B-451F-A51B-2C9576C901F9} = {30F49C00-F42F-47DE-BCEA-C0886C25FCC1}
		{4897C443-C043-4458-AF9B-90E7662F3316} = {858A1CEA-9237-4B7D-8E87-F934E6494A77}
		{3015D45A-9776-4092-8680-2A7B273993CF} = {4897C443-C043-4458-AF9B-90E7662F3316}
		{D2C5AEA7-CA8A-4B38-86B7-46823134D19E} = {4897C443-C043-4458-AF9B-90E7662F3316}
		{50DB9813-7BDF-46C2-852F-74993804814D} = {4897C443-C043-4458-AF9B-90E7662F3316}
		{B81620B4-55E2-420D-AB30-C09BB3725AD2} = {4897C443-C043-4458-AF9B-90E7662F3316}
		{7C1A9846-7AF6-478A-B8EA-1C1A9E028FDE} = {BC8DDF52-C8CC-41B3-B07A-3E9D6B602975}
		{A370116D-2EF1-4630-8FB0-E5C7CC399237} = {7C1A9846-7AF6-478A-B8EA-1C1A9E028FDE}
		{49C44A7E-391A-40C2-AFC2-8F39A16990BF} = {811024B0-9D9F-48EC-8714-627898EAFCCF}
		{397FF081-A2CA-4078-AF7D-47EAF9F4135C} = {811024B0-9D9F-48EC-8714-627898EAFCCF}
		{DFB822C7-BE73-4190-A788-D075023C1000} = {811024B0-9D9F-48EC-8714-627898EAFCCF}
		{D764F47A-1442-4FFF-B352-A1D8F50BCCF1} = {811024B0-9D9F-48EC-8714-627898EAFCCF}
		{811024B0-9D9F-48EC-8714-627898EAFCCF} = {858A1CEA-9237-4B7D-8E87-F934E6494A77}
		{DF0B7C2B-3B25-49CA-8295-02F5C450B14D} = {BC8DDF52-C8CC-41B3-B07A-3E9D6B602975}
		{74A674B9-CB46-470B-96BC-24B7D2839C00} = {DF0B7C2B-3B25-49CA-8295-02F5C450B14D}
		{ACE0E6BE-73A1-4B96-BCDF-DEE7B488BD0C} = {858A1CEA-9237-4B7D-8E87-F934E6494A77}
		{C1FA8532-143E-4834-86F7-4113732EF5F8} = {ACE0E6BE-73A1-4B96-BCDF-DEE7B488BD0C}
		{40DF5595-0522-4EF2-8ABF-F6B32E64C239} = {ACE0E6BE-73A1-4B96-BCDF-DEE7B488BD0C}
		{E99B39F5-4582-4868-9F54-768D8565BCE5} = {ACE0E6BE-73A1-4B96-BCDF-DEE7B488BD0C}
		{3AC4A3B8-F7F5-40B5-8E3B-2BF903D01386} = {ACE0E6BE-73A1-4B96-BCDF-DEE7B488BD0C}
		{DDBD4213-066E-4DA7-8C2D-43AFA067B80F} = {BC8DDF52-C8CC-41B3-B07A-3E9D6B602975}
		{B491374E-EE22-44C7-B928-8111B6330FDE} = {DDBD4213-066E-4DA7-8C2D-43AFA067B80F}
		{FFF7CF0D-F863-446A-A041-9BE19D5C80AF} = {15602C65-C8E6-4555-B25F-9E1B60B58078}
		{43870A3E-249A-47D8-B14B-FFDAB22A124D} = {FFF7CF0D-F863-446A-A041-9BE19D5C80AF}
		{A6B8712A-D896-439B-B67E-33EEA5CAD797} = {FFF7CF0D-F863-446A-A041-9BE19D5C80AF}
		{6DD8FBB6-80FD-4468-A2CA-5DC5BC28C18E} = {FFF7CF0D-F863-446A-A041-9BE19D5C80AF}
		{F7E63D96-6CBF-499E-B81C-98F7F9D7DB37} = {FFF7CF0D-F863-446A-A041-9BE19D5C80AF}
		{41B73F65-F43A-4010-A397-38B228526D7E} = {BC8DDF52-C8CC-41B3-B07A-3E9D6B602975}
		{91D96E06-ED78-4A14-88D8-B635E38E590F} = {41B73F65-F43A-4010-A397-38B228526D7E}
		{EA94BD2C-1BF8-4F4E-B5A2-F52671C58F91} = {0D688ED2-200F-4388-9FAA-BF16136BEDCC}
		{FAAFEF2E-0072-4FD2-B8BB-8AE1A6452492} = {0D688ED2-200F-4388-9FAA-BF16136BEDCC}
	EndGlobalSection
EndGlobal
