
Microsoft Visual Studio Solution File, Format Version 12.00
# Visual Studio Version 17
VisualStudioVersion = 17.0.31903.59
MinimumVisualStudioVersion = 10.0.40219.1
Project("{2150E333-8FDC-42A3-9474-1A3956D46DE8}") = "Gateway", "Gateway", "{24F021E6-C582-43B4-8E9C-FA50BD9C1458}"
EndProject
Project("{FAE04EC0-301F-11D3-BF4B-00C04F79EFBC}") = "OnlineExamSystem.ApiGateway", "Backend\Gateway\OnlineExamSystem.ApiGateway\OnlineExamSystem.ApiGateway.csproj", "{8314B0DE-3264-488A-9C66-BF410203CC19}"
EndProject
Project("{2150E333-8FDC-42A3-9474-1A3956D46DE8}") = "Services", "Services", "{858A1CEA-9237-4B7D-8E87-F934E6494A77}"
EndProject
Project("{2150E333-8FDC-42A3-9474-1A3956D46DE8}") = "UserService", "UserService", "{44FA156B-94E8-4D12-B7F9-A6F042B6C4C2}"
EndProject
Project("{FAE04EC0-301F-11D3-BF4B-00C04F79EFBC}") = "OnlineExamSystem.User.API", "Backend\Services\UserService\OnlineExamSystem.User.API\OnlineExamSystem.User.API.csproj", "{A98F3F67-B803-43B1-91DE-8E21F3AF5968}"
EndProject
Project("{FAE04EC0-301F-11D3-BF4B-00C04F79EFBC}") = "OnlineExamSystem.User.Application", "Backend\Services\UserService\OnlineExamSystem.User.Application\OnlineExamSystem.User.Application.csproj", "{3ED8501E-039F-473E-9934-DC913B7AB15A}"
EndProject
Project("{FAE04EC0-301F-11D3-BF4B-00C04F79EFBC}") = "OnlineExamSystem.User.Domain", "Backend\Services\UserService\OnlineExamSystem.User.Domain\OnlineExamSystem.User.Domain.csproj", "{E01C65E8-0177-46AB-9DDC-0D92C30059C2}"
EndProject
Project("{FAE04EC0-301F-11D3-BF4B-00C04F79EFBC}") = "OnlineExamSystem.User.Infrastructure", "Backend\Services\UserService\OnlineExamSystem.User.Infrastructure\OnlineExamSystem.User.Infrastructure.csproj", "{8DFE20BE-C7A5-4964-A638-DFBEF3679B0F}"
EndProject
Project("{2150E333-8FDC-42A3-9474-1A3956D46DE8}") = "Shared", "Shared", "{767AF458-2655-40D3-8614-96488D7385FD}"
EndProject
Project("{FAE04EC0-301F-11D3-BF4B-00C04F79EFBC}") = "OnlineExamSystem.Shared.Contracts", "Backend\Shared\OnlineExamSystem.Shared.Contracts\OnlineExamSystem.Shared.Contracts.csproj", "{472F5C3B-BD8B-4A74-8F3E-4FAF2419F1C8}"
EndProject
Project("{FAE04EC0-301F-11D3-BF4B-00C04F79EFBC}") = "OnlineExamSystem.Shared.Events", "Backend\Shared\OnlineExamSystem.Shared.Events\OnlineExamSystem.Shared.Events.csproj", "{46A3CDAB-538A-4043-97D7-9553596D65E7}"
EndProject
Project("{FAE04EC0-301F-11D3-BF4B-00C04F79EFBC}") = "OnlineExamSystem.Shared.Common", "Backend\Shared\OnlineExamSystem.Shared.Common\OnlineExamSystem.Shared.Common.csproj", "{D4EDB18F-A519-43AF-B3D6-E2D70121A156}"
EndProject
Project("{2150E333-8FDC-42A3-9474-1A3956D46DE8}") = "Tests", "Tests", "{BC8DDF52-C8CC-41B3-B07A-3E9D6B602975}"
EndProject
Project("{2150E333-8FDC-42A3-9474-1A3956D46DE8}") = "UserService", "UserService", "{833C3488-4EB3-4AC5-83C1-D8AF58D57618}"
EndProject
Project("{FAE04EC0-301F-11D3-BF4B-00C04F79EFBC}") = "OnlineExamSystem.User.Application.Tests", "Tests\UserService\OnlineExamSystem.User.Application.Tests\OnlineExamSystem.User.Application.Tests.csproj", "{F6FA18D0-D138-474A-A98F-558254F6E034}"
EndProject
Project("{2150E333-8FDC-42A3-9474-1A3956D46DE8}") = "Backend", "Backend", "{CE2BA043-2700-4AF8-B7FE-F212BB71B961}"
EndProject
Project("{2150E333-8FDC-42A3-9474-1A3956D46DE8}") = "Services", "Services", "{15602C65-C8E6-4555-B25F-9E1B60B58078}"
EndProject
Project("{2150E333-8FDC-42A3-9474-1A3956D46DE8}") = "NotificationService", "NotificationService", "{0D688ED2-200F-4388-9FAA-BF16136BEDCC}"
EndProject
Project("{FAE04EC0-301F-11D3-BF4B-00C04F79EFBC}") = "OnlineExamSystem.NotificationService.Worker", "Backend\Services\NotificationService\OnlineExamSystem.NotificationService.Worker\OnlineExamSystem.NotificationService.Worker.csproj", "{94B30349-1C51-41E9-B502-85460233D817}"
EndProject
Global
	GlobalSection(SolutionConfigurationPlatforms) = preSolution
		Debug|Any CPU = Debug|Any CPU
		Release|Any CPU = Release|Any CPU
	EndGlobalSection
	GlobalSection(SolutionProperties) = preSolution
		HideSolutionNode = FALSE
	EndGlobalSection
	GlobalSection(ProjectConfigurationPlatforms) = postSolution
		{8314B0DE-3264-488A-9C66-BF410203CC19}.Debug|Any CPU.ActiveCfg = Debug|Any CPU
		{8314B0DE-3264-488A-9C66-BF410203CC19}.Debug|Any CPU.Build.0 = Debug|Any CPU
		{8314B0DE-3264-488A-9C66-BF410203CC19}.Release|Any CPU.ActiveCfg = Release|Any CPU
		{8314B0DE-3264-488A-9C66-BF410203CC19}.Release|Any CPU.Build.0 = Release|Any CPU
		{A98F3F67-B803-43B1-91DE-8E21F3AF5968}.Debug|Any CPU.ActiveCfg = Debug|Any CPU
		{A98F3F67-B803-43B1-91DE-8E21F3AF5968}.Debug|Any CPU.Build.0 = Debug|Any CPU
		{A98F3F67-B803-43B1-91DE-8E21F3AF5968}.Release|Any CPU.ActiveCfg = Release|Any CPU
		{A98F3F67-B803-43B1-91DE-8E21F3AF5968}.Release|Any CPU.Build.0 = Release|Any CPU
		{3ED8501E-039F-473E-9934-DC913B7AB15A}.Debug|Any CPU.ActiveCfg = Debug|Any CPU
		{3ED8501E-039F-473E-9934-DC913B7AB15A}.Debug|Any CPU.Build.0 = Debug|Any CPU
		{3ED8501E-039F-473E-9934-DC913B7AB15A}.Release|Any CPU.ActiveCfg = Release|Any CPU
		{3ED8501E-039F-473E-9934-DC913B7AB15A}.Release|Any CPU.Build.0 = Release|Any CPU
		{E01C65E8-0177-46AB-9DDC-0D92C30059C2}.Debug|Any CPU.ActiveCfg = Debug|Any CPU
		{E01C65E8-0177-46AB-9DDC-0D92C30059C2}.Debug|Any CPU.Build.0 = Debug|Any CPU
		{E01C65E8-0177-46AB-9DDC-0D92C30059C2}.Release|Any CPU.ActiveCfg = Release|Any CPU
		{E01C65E8-0177-46AB-9DDC-0D92C30059C2}.Release|Any CPU.Build.0 = Release|Any CPU
		{8DFE20BE-C7A5-4964-A638-DFBEF3679B0F}.Debug|Any CPU.ActiveCfg = Debug|Any CPU
		{8DFE20BE-C7A5-4964-A638-DFBEF3679B0F}.Debug|Any CPU.Build.0 = Debug|Any CPU
		{8DFE20BE-C7A5-4964-A638-DFBEF3679B0F}.Release|Any CPU.ActiveCfg = Release|Any CPU
		{8DFE20BE-C7A5-4964-A638-DFBEF3679B0F}.Release|Any CPU.Build.0 = Release|Any CPU
		{472F5C3B-BD8B-4A74-8F3E-4FAF2419F1C8}.Debug|Any CPU.ActiveCfg = Debug|Any CPU
		{472F5C3B-BD8B-4A74-8F3E-4FAF2419F1C8}.Debug|Any CPU.Build.0 = Debug|Any CPU
		{472F5C3B-BD8B-4A74-8F3E-4FAF2419F1C8}.Release|Any CPU.ActiveCfg = Release|Any CPU
		{472F5C3B-BD8B-4A74-8F3E-4FAF2419F1C8}.Release|Any CPU.Build.0 = Release|Any CPU
		{46A3CDAB-538A-4043-97D7-9553596D65E7}.Debug|Any CPU.ActiveCfg = Debug|Any CPU
		{46A3CDAB-538A-4043-97D7-9553596D65E7}.Debug|Any CPU.Build.0 = Debug|Any CPU
		{46A3CDAB-538A-4043-97D7-9553596D65E7}.Release|Any CPU.ActiveCfg = Release|Any CPU
		{46A3CDAB-538A-4043-97D7-9553596D65E7}.Release|Any CPU.Build.0 = Release|Any CPU
		{D4EDB18F-A519-43AF-B3D6-E2D70121A156}.Debug|Any CPU.ActiveCfg = Debug|Any CPU
		{D4EDB18F-A519-43AF-B3D6-E2D70121A156}.Debug|Any CPU.Build.0 = Debug|Any CPU
		{D4EDB18F-A519-43AF-B3D6-E2D70121A156}.Release|Any CPU.ActiveCfg = Release|Any CPU
		{D4EDB18F-A519-43AF-B3D6-E2D70121A156}.Release|Any CPU.Build.0 = Release|Any CPU
		{F6FA18D0-D138-474A-A98F-558254F6E034}.Debug|Any CPU.ActiveCfg = Debug|Any CPU
		{F6FA18D0-D138-474A-A98F-558254F6E034}.Debug|Any CPU.Build.0 = Debug|Any CPU
		{F6FA18D0-D138-474A-A98F-558254F6E034}.Release|Any CPU.ActiveCfg = Release|Any CPU
		{F6FA18D0-D138-474A-A98F-558254F6E034}.Release|Any CPU.Build.0 = Release|Any CPU
		{94B30349-1C51-41E9-B502-85460233D817}.Debug|Any CPU.ActiveCfg = Debug|Any CPU
		{94B30349-1C51-41E9-B502-85460233D817}.Debug|Any CPU.Build.0 = Debug|Any CPU
		{94B30349-1C51-41E9-B502-85460233D817}.Release|Any CPU.ActiveCfg = Release|Any CPU
		{94B30349-1C51-41E9-B502-85460233D817}.Release|Any CPU.Build.0 = Release|Any CPU
	EndGlobalSection
	GlobalSection(NestedProjects) = preSolution
		{8314B0DE-3264-488A-9C66-BF410203CC19} = {24F021E6-C582-43B4-8E9C-FA50BD9C1458}
		{44FA156B-94E8-4D12-B7F9-A6F042B6C4C2} = {858A1CEA-9237-4B7D-8E87-F934E6494A77}
		{A98F3F67-B803-43B1-91DE-8E21F3AF5968} = {44FA156B-94E8-4D12-B7F9-A6F042B6C4C2}
		{3ED8501E-039F-473E-9934-DC913B7AB15A} = {44FA156B-94E8-4D12-B7F9-A6F042B6C4C2}
		{E01C65E8-0177-46AB-9DDC-0D92C30059C2} = {44FA156B-94E8-4D12-B7F9-A6F042B6C4C2}
		{8DFE20BE-C7A5-4964-A638-DFBEF3679B0F} = {44FA156B-94E8-4D12-B7F9-A6F042B6C4C2}
		{472F5C3B-BD8B-4A74-8F3E-4FAF2419F1C8} = {767AF458-2655-40D3-8614-96488D7385FD}
		{46A3CDAB-538A-4043-97D7-9553596D65E7} = {767AF458-2655-40D3-8614-96488D7385FD}
		{D4EDB18F-A519-43AF-B3D6-E2D70121A156} = {767AF458-2655-40D3-8614-96488D7385FD}
		{833C3488-4EB3-4AC5-83C1-D8AF58D57618} = {BC8DDF52-C8CC-41B3-B07A-3E9D6B602975}
		{F6FA18D0-D138-474A-A98F-558254F6E034} = {833C3488-4EB3-4AC5-83C1-D8AF58D57618}
		{15602C65-C8E6-4555-B25F-9E1B60B58078} = {CE2BA043-2700-4AF8-B7FE-F212BB71B961}
		{0D688ED2-200F-4388-9FAA-BF16136BEDCC} = {15602C65-C8E6-4555-B25F-9E1B60B58078}
		{94B30349-1C51-41E9-B502-85460233D817} = {0D688ED2-200F-4388-9FAA-BF16136BEDCC}
	EndGlobalSection
EndGlobal
